// !$*UTF8*$!
{
	archiveVersion = 1;
	classes = {
	};
	objectVersion = 77;
	objects = {

/* Begin PBXBuildFile section */
		DF07F1352D81A1BA0093E16F /* Moya in Frameworks */ = {isa = PBXBuildFile; productRef = DF07F1342D81A1BA0093E16F /* Moya */; };
		DF07F1392D81A5790093E16F /* Moya in Frameworks */ = {isa = PBXBuildFile; productRef = DF07F1382D81A5790093E16F /* Moya */; };
		DFDD84CC2D8575CD009A00FF /* SeatCatcherCore in Frameworks */ = {isa = PBXBuildFile; productRef = DFDD84CB2D8575CD009A00FF /* SeatCatcherCore */; };
		DFF8CF842D85728700CDC6D6 /* SeatCatcherDomain in Frameworks */ = {isa = PBXBuildFile; productRef = DFF8CF832D85728700CDC6D6 /* SeatCatcherDomain */; };
/* End PBXBuildFile section */

/* Begin PBXContainerItemProxy section */
		DF07F0E92D79C4E80093E16F /* PBXContainerItemProxy */ = {
			isa = PBXContainerItemProxy;
			containerPortal = DF07F0D02D79C4E60093E16F /* Project object */;
			proxyType = 1;
			remoteGlobalIDString = DF07F0D72D79C4E60093E16F;
			remoteInfo = SeatCatcher;
		};
/* End PBXContainerItemProxy section */

/* Begin PBXFileReference section */
		DF07F0D82D79C4E60093E16F /* SeatCatcher.app */ = {isa = PBXFileReference; explicitFileType = wrapper.application; includeInIndex = 0; path = SeatCatcher.app; sourceTree = BUILT_PRODUCTS_DIR; };
		DF07F0E82D79C4E80093E16F /* SeatCatcherTests.xctest */ = {isa = PBXFileReference; explicitFileType = wrapper.cfbundle; includeInIndex = 0; path = SeatCatcherTests.xctest; sourceTree = BUILT_PRODUCTS_DIR; };
/* End PBXFileReference section */

/* Begin PBXFileSystemSynchronizedRootGroup section */
		DF07F0DA2D79C4E60093E16F /* SeatCatcher */ = {
			isa = PBXFileSystemSynchronizedRootGroup;
			path = SeatCatcher;
			sourceTree = "<group>";
		};
		DF07F0EB2D79C4E80093E16F /* SeatCatcherTests */ = {
			isa = PBXFileSystemSynchronizedRootGroup;
			path = SeatCatcherTests;
			sourceTree = "<group>";
		};
		DF07F1222D8195980093E16F /* Entitlement */ = {
			isa = PBXFileSystemSynchronizedRootGroup;
			path = Entitlement;
			sourceTree = "<group>";
		};
/* End PBXFileSystemSynchronizedRootGroup section */

/* Begin PBXFrameworksBuildPhase section */
		DF07F0D52D79C4E60093E16F /* Frameworks */ = {
			isa = PBXFrameworksBuildPhase;
			buildActionMask = 2147483647;
			files = (
				DFF8CF842D85728700CDC6D6 /* SeatCatcherDomain in Frameworks */,
				DF07F1352D81A1BA0093E16F /* Moya in Frameworks */,
				DFDD84CC2D8575CD009A00FF /* SeatCatcherCore in Frameworks */,
			);
			runOnlyForDeploymentPostprocessing = 0;
		};
		DF07F0E52D79C4E80093E16F /* Frameworks */ = {
			isa = PBXFrameworksBuildPhase;
			buildActionMask = 2147483647;
			files = (
				DF07F1392D81A5790093E16F /* Moya in Frameworks */,
			);
			runOnlyForDeploymentPostprocessing = 0;
		};
/* End PBXFrameworksBuildPhase section */

/* Begin PBXGroup section */
		DF07F0CF2D79C4E60093E16F = {
			isa = PBXGroup;
			children = (
				DF07F1222D8195980093E16F /* Entitlement */,
				DF07F0DA2D79C4E60093E16F /* SeatCatcher */,
				DF07F0EB2D79C4E80093E16F /* SeatCatcherTests */,
				DF07F0D92D79C4E60093E16F /* Products */,
			);
			sourceTree = "<group>";
		};
		DF07F0D92D79C4E60093E16F /* Products */ = {
			isa = PBXGroup;
			children = (
				DF07F0D82D79C4E60093E16F /* SeatCatcher.app */,
				DF07F0E82D79C4E80093E16F /* SeatCatcherTests.xctest */,
			);
			name = Products;
			sourceTree = "<group>";
		};
/* End PBXGroup section */

/* Begin PBXNativeTarget section */
		DF07F0D72D79C4E60093E16F /* SeatCatcher */ = {
			isa = PBXNativeTarget;
			buildConfigurationList = DF07F0FC2D79C4E80093E16F /* Build configuration list for PBXNativeTarget "SeatCatcher" */;
			buildPhases = (
				DF07F0D42D79C4E60093E16F /* Sources */,
				DF07F0D52D79C4E60093E16F /* Frameworks */,
				DF07F0D62D79C4E60093E16F /* Resources */,
			);
			buildRules = (
			);
			dependencies = (
			);
			fileSystemSynchronizedGroups = (
				DF07F0DA2D79C4E60093E16F /* SeatCatcher */,
				DF07F1222D8195980093E16F /* Entitlement */,
			);
			name = SeatCatcher;
			packageProductDependencies = (
				DF07F1342D81A1BA0093E16F /* Moya */,
				DFF8CF832D85728700CDC6D6 /* SeatCatcherDomain */,
				DFDD84CB2D8575CD009A00FF /* SeatCatcherCore */,
			);
			productName = SeatCatcher;
			productReference = DF07F0D82D79C4E60093E16F /* SeatCatcher.app */;
			productType = "com.apple.product-type.application";
		};
		DF07F0E72D79C4E80093E16F /* SeatCatcherTests */ = {
			isa = PBXNativeTarget;
			buildConfigurationList = DF07F0FF2D79C4E80093E16F /* Build configuration list for PBXNativeTarget "SeatCatcherTests" */;
			buildPhases = (
				DF07F0E42D79C4E80093E16F /* Sources */,
				DF07F0E52D79C4E80093E16F /* Frameworks */,
				DF07F0E62D79C4E80093E16F /* Resources */,
			);
			buildRules = (
			);
			dependencies = (
				DF07F0EA2D79C4E80093E16F /* PBXTargetDependency */,
			);
			fileSystemSynchronizedGroups = (
				DF07F0EB2D79C4E80093E16F /* SeatCatcherTests */,
			);
			name = SeatCatcherTests;
			packageProductDependencies = (
				DF07F1382D81A5790093E16F /* Moya */,
			);
			productName = SeatCatcherTests;
			productReference = DF07F0E82D79C4E80093E16F /* SeatCatcherTests.xctest */;
			productType = "com.apple.product-type.bundle.unit-test";
		};
/* End PBXNativeTarget section */

/* Begin PBXProject section */
		DF07F0D02D79C4E60093E16F /* Project object */ = {
			isa = PBXProject;
			attributes = {
				BuildIndependentTargetsInParallel = 1;
				LastSwiftUpdateCheck = 1620;
				LastUpgradeCheck = 1620;
				TargetAttributes = {
					DF07F0D72D79C4E60093E16F = {
						CreatedOnToolsVersion = 16.2;
					};
					DF07F0E72D79C4E80093E16F = {
						CreatedOnToolsVersion = 16.2;
						TestTargetID = DF07F0D72D79C4E60093E16F;
					};
				};
			};
			buildConfigurationList = DF07F0D32D79C4E60093E16F /* Build configuration list for PBXProject "SeatCatcher" */;
			developmentRegion = en;
			hasScannedForEncodings = 0;
			knownRegions = (
				en,
				Base,
			);
			mainGroup = DF07F0CF2D79C4E60093E16F;
			minimizedProjectReferenceProxies = 1;
			packageReferences = (
				DF07F1332D81A1BA0093E16F /* XCRemoteSwiftPackageReference "Moya" */,
				DFF8CF822D85728700CDC6D6 /* XCLocalSwiftPackageReference "../SeatCatcherDomain" */,
				DFDD84CA2D8575CD009A00FF /* XCLocalSwiftPackageReference "../SeatCatcherCore" */,
			);
			preferredProjectObjectVersion = 77;
			productRefGroup = DF07F0D92D79C4E60093E16F /* Products */;
			projectDirPath = "";
			projectRoot = "";
			targets = (
				DF07F0D72D79C4E60093E16F /* SeatCatcher */,
				DF07F0E72D79C4E80093E16F /* SeatCatcherTests */,
			);
		};
/* End PBXProject section */

/* Begin PBXResourcesBuildPhase section */
		DF07F0D62D79C4E60093E16F /* Resources */ = {
			isa = PBXResourcesBuildPhase;
			buildActionMask = 2147483647;
			files = (
			);
			runOnlyForDeploymentPostprocessing = 0;
		};
		DF07F0E62D79C4E80093E16F /* Resources */ = {
			isa = PBXResourcesBuildPhase;
			buildActionMask = 2147483647;
			files = (
			);
			runOnlyForDeploymentPostprocessing = 0;
		};
/* End PBXResourcesBuildPhase section */

/* Begin PBXSourcesBuildPhase section */
		DF07F0D42D79C4E60093E16F /* Sources */ = {
			isa = PBXSourcesBuildPhase;
			buildActionMask = 2147483647;
			files = (
			);
			runOnlyForDeploymentPostprocessing = 0;
		};
		DF07F0E42D79C4E80093E16F /* Sources */ = {
			isa = PBXSourcesBuildPhase;
			buildActionMask = 2147483647;
			files = (
			);
			runOnlyForDeploymentPostprocessing = 0;
		};
/* End PBXSourcesBuildPhase section */

/* Begin PBXTargetDependency section */
		DF07F0EA2D79C4E80093E16F /* PBXTargetDependency */ = {
			isa = PBXTargetDependency;
			target = DF07F0D72D79C4E60093E16F /* SeatCatcher */;
			targetProxy = DF07F0E92D79C4E80093E16F /* PBXContainerItemProxy */;
		};
/* End PBXTargetDependency section */

/* Begin XCBuildConfiguration section */
		DF07F0FA2D79C4E80093E16F /* Debug */ = {
			isa = XCBuildConfiguration;
			buildSettings = {
				ALWAYS_SEARCH_USER_PATHS = NO;
				ASSETCATALOG_COMPILER_GENERATE_SWIFT_ASSET_SYMBOL_EXTENSIONS = YES;
				CLANG_ANALYZER_NONNULL = YES;
				CLANG_ANALYZER_NUMBER_OBJECT_CONVERSION = YES_AGGRESSIVE;
				CLANG_CXX_LANGUAGE_STANDARD = "gnu++20";
				CLANG_ENABLE_MODULES = YES;
				CLANG_ENABLE_OBJC_ARC = YES;
				CLANG_ENABLE_OBJC_WEAK = YES;
				CLANG_WARN_BLOCK_CAPTURE_AUTORELEASING = YES;
				CLANG_WARN_BOOL_CONVERSION = YES;
				CLANG_WARN_COMMA = YES;
				CLANG_WARN_CONSTANT_CONVERSION = YES;
				CLANG_WARN_DEPRECATED_OBJC_IMPLEMENTATIONS = YES;
				CLANG_WARN_DIRECT_OBJC_ISA_USAGE = YES_ERROR;
				CLANG_WARN_DOCUMENTATION_COMMENTS = YES;
				CLANG_WARN_EMPTY_BODY = YES;
				CLANG_WARN_ENUM_CONVERSION = YES;
				CLANG_WARN_INFINITE_RECURSION = YES;
				CLANG_WARN_INT_CONVERSION = YES;
				CLANG_WARN_NON_LITERAL_NULL_CONVERSION = YES;
				CLANG_WARN_OBJC_IMPLICIT_RETAIN_SELF = YES;
				CLANG_WARN_OBJC_LITERAL_CONVERSION = YES;
				CLANG_WARN_OBJC_ROOT_CLASS = YES_ERROR;
				CLANG_WARN_QUOTED_INCLUDE_IN_FRAMEWORK_HEADER = YES;
				CLANG_WARN_RANGE_LOOP_ANALYSIS = YES;
				CLANG_WARN_STRICT_PROTOTYPES = YES;
				CLANG_WARN_SUSPICIOUS_MOVE = YES;
				CLANG_WARN_UNGUARDED_AVAILABILITY = YES_AGGRESSIVE;
				CLANG_WARN_UNREACHABLE_CODE = YES;
				CLANG_WARN__DUPLICATE_METHOD_MATCH = YES;
				COPY_PHASE_STRIP = NO;
				DEBUG_INFORMATION_FORMAT = dwarf;
				ENABLE_STRICT_OBJC_MSGSEND = YES;
				ENABLE_TESTABILITY = YES;
				ENABLE_USER_SCRIPT_SANDBOXING = YES;
				GCC_C_LANGUAGE_STANDARD = gnu17;
				GCC_DYNAMIC_NO_PIC = NO;
				GCC_NO_COMMON_BLOCKS = YES;
				GCC_OPTIMIZATION_LEVEL = 0;
				GCC_PREPROCESSOR_DEFINITIONS = (
					"DEBUG=1",
					"$(inherited)",
				);
				GCC_WARN_64_TO_32_BIT_CONVERSION = YES;
				GCC_WARN_ABOUT_RETURN_TYPE = YES_ERROR;
				GCC_WARN_UNDECLARED_SELECTOR = YES;
				GCC_WARN_UNINITIALIZED_AUTOS = YES_AGGRESSIVE;
				GCC_WARN_UNUSED_FUNCTION = YES;
				GCC_WARN_UNUSED_VARIABLE = YES;
				IPHONEOS_DEPLOYMENT_TARGET = 18.2;
				LOCALIZATION_PREFERS_STRING_CATALOGS = YES;
				MTL_ENABLE_DEBUG_INFO = INCLUDE_SOURCE;
				MTL_FAST_MATH = YES;
				ONLY_ACTIVE_ARCH = YES;
				SDKROOT = iphoneos;
				SWIFT_ACTIVE_COMPILATION_CONDITIONS = "DEBUG $(inherited)";
				SWIFT_OPTIMIZATION_LEVEL = "-Onone";
			};
			name = Debug;
		};
		DF07F0FB2D79C4E80093E16F /* Release */ = {
			isa = XCBuildConfiguration;
			buildSettings = {
				ALWAYS_SEARCH_USER_PATHS = NO;
				ASSETCATALOG_COMPILER_GENERATE_SWIFT_ASSET_SYMBOL_EXTENSIONS = YES;
				CLANG_ANALYZER_NONNULL = YES;
				CLANG_ANALYZER_NUMBER_OBJECT_CONVERSION = YES_AGGRESSIVE;
				CLANG_CXX_LANGUAGE_STANDARD = "gnu++20";
				CLANG_ENABLE_MODULES = YES;
				CLANG_ENABLE_OBJC_ARC = YES;
				CLANG_ENABLE_OBJC_WEAK = YES;
				CLANG_WARN_BLOCK_CAPTURE_AUTORELEASING = YES;
				CLANG_WARN_BOOL_CONVERSION = YES;
				CLANG_WARN_COMMA = YES;
				CLANG_WARN_CONSTANT_CONVERSION = YES;
				CLANG_WARN_DEPRECATED_OBJC_IMPLEMENTATIONS = YES;
				CLANG_WARN_DIRECT_OBJC_ISA_USAGE = YES_ERROR;
				CLANG_WARN_DOCUMENTATION_COMMENTS = YES;
				CLANG_WARN_EMPTY_BODY = YES;
				CLANG_WARN_ENUM_CONVERSION = YES;
				CLANG_WARN_INFINITE_RECURSION = YES;
				CLANG_WARN_INT_CONVERSION = YES;
				CLANG_WARN_NON_LITERAL_NULL_CONVERSION = YES;
				CLANG_WARN_OBJC_IMPLICIT_RETAIN_SELF = YES;
				CLANG_WARN_OBJC_LITERAL_CONVERSION = YES;
				CLANG_WARN_OBJC_ROOT_CLASS = YES_ERROR;
				CLANG_WARN_QUOTED_INCLUDE_IN_FRAMEWORK_HEADER = YES;
				CLANG_WARN_RANGE_LOOP_ANALYSIS = YES;
				CLANG_WARN_STRICT_PROTOTYPES = YES;
				CLANG_WARN_SUSPICIOUS_MOVE = YES;
				CLANG_WARN_UNGUARDED_AVAILABILITY = YES_AGGRESSIVE;
				CLANG_WARN_UNREACHABLE_CODE = YES;
				CLANG_WARN__DUPLICATE_METHOD_MATCH = YES;
				COPY_PHASE_STRIP = NO;
				DEBUG_INFORMATION_FORMAT = "dwarf-with-dsym";
				ENABLE_NS_ASSERTIONS = NO;
				ENABLE_STRICT_OBJC_MSGSEND = YES;
				ENABLE_USER_SCRIPT_SANDBOXING = YES;
				GCC_C_LANGUAGE_STANDARD = gnu17;
				GCC_NO_COMMON_BLOCKS = YES;
				GCC_WARN_64_TO_32_BIT_CONVERSION = YES;
				GCC_WARN_ABOUT_RETURN_TYPE = YES_ERROR;
				GCC_WARN_UNDECLARED_SELECTOR = YES;
				GCC_WARN_UNINITIALIZED_AUTOS = YES_AGGRESSIVE;
				GCC_WARN_UNUSED_FUNCTION = YES;
				GCC_WARN_UNUSED_VARIABLE = YES;
				IPHONEOS_DEPLOYMENT_TARGET = 18.2;
				LOCALIZATION_PREFERS_STRING_CATALOGS = YES;
				MTL_ENABLE_DEBUG_INFO = NO;
				MTL_FAST_MATH = YES;
				SDKROOT = iphoneos;
				SWIFT_COMPILATION_MODE = wholemodule;
				VALIDATE_PRODUCT = YES;
			};
			name = Release;
		};
		DF07F0FD2D79C4E80093E16F /* Debug */ = {
			isa = XCBuildConfiguration;
			buildSettings = {
				ASSETCATALOG_COMPILER_APPICON_NAME = AppIcon;
				ASSETCATALOG_COMPILER_GLOBAL_ACCENT_COLOR_NAME = AccentColor;
				CODE_SIGN_ENTITLEMENTS = Entitlement/SeatCatcher.entitlements;
				"CODE_SIGN_IDENTITY[sdk=iphoneos*]" = "iPhone Developer";
				CODE_SIGN_STYLE = Manual;
				CURRENT_PROJECT_VERSION = 1;
				DEVELOPMENT_ASSET_PATHS = "\"SeatCatcher/Resources/Preview Content\"";
				DEVELOPMENT_TEAM = "";
				"DEVELOPMENT_TEAM[sdk=iphoneos*]" = 6RUVHQW43D;
				ENABLE_PREVIEWS = YES;
				GENERATE_INFOPLIST_FILE = YES;
				INFOPLIST_KEY_UIApplicationSceneManifest_Generation = YES;
				INFOPLIST_KEY_UIApplicationSupportsIndirectInputEvents = YES;
				INFOPLIST_KEY_UILaunchScreen_Generation = YES;
				INFOPLIST_KEY_UIStatusBarStyle = "";
				INFOPLIST_KEY_UISupportedInterfaceOrientations = UIInterfaceOrientationPortrait;
				IPHONEOS_DEPLOYMENT_TARGET = 17.0;
				LD_RUNPATH_SEARCH_PATHS = (
					"$(inherited)",
					"@executable_path/Frameworks",
				);
				MARKETING_VERSION = 1.0;
				PRODUCT_BUNDLE_IDENTIFIER = com.SeatCatcher.SeatCatcher;
				PRODUCT_NAME = "$(TARGET_NAME)";
				PROVISIONING_PROFILE_SPECIFIER = "";
				"PROVISIONING_PROFILE_SPECIFIER[sdk=iphoneos*]" = SeatCatcher_Development;
				SUPPORTED_PLATFORMS = "iphoneos iphonesimulator";
				SUPPORTS_MACCATALYST = NO;
				SUPPORTS_MAC_DESIGNED_FOR_IPHONE_IPAD = NO;
				SUPPORTS_XR_DESIGNED_FOR_IPHONE_IPAD = NO;
				SWIFT_EMIT_LOC_STRINGS = YES;
				SWIFT_VERSION = 5.0;
				TARGETED_DEVICE_FAMILY = 1;
			};
			name = Debug;
		};
		DF07F0FE2D79C4E80093E16F /* Release */ = {
			isa = XCBuildConfiguration;
			buildSettings = {
				ASSETCATALOG_COMPILER_APPICON_NAME = AppIcon;
				ASSETCATALOG_COMPILER_GLOBAL_ACCENT_COLOR_NAME = AccentColor;
				CODE_SIGN_ENTITLEMENTS = Entitlement/SeatCatcher.entitlements;
				"CODE_SIGN_IDENTITY[sdk=iphoneos*]" = "iPhone Distribution";
				CODE_SIGN_STYLE = Manual;
				CURRENT_PROJECT_VERSION = 1;
				DEVELOPMENT_ASSET_PATHS = "\"SeatCatcher/Resources/Preview Content\"";
				DEVELOPMENT_TEAM = "";
				"DEVELOPMENT_TEAM[sdk=iphoneos*]" = 6RUVHQW43D;
				ENABLE_PREVIEWS = YES;
				GENERATE_INFOPLIST_FILE = YES;
				INFOPLIST_KEY_UIApplicationSceneManifest_Generation = YES;
				INFOPLIST_KEY_UIApplicationSupportsIndirectInputEvents = YES;
				INFOPLIST_KEY_UILaunchScreen_Generation = YES;
				INFOPLIST_KEY_UIStatusBarStyle = "";
				INFOPLIST_KEY_UISupportedInterfaceOrientations = UIInterfaceOrientationPortrait;
				IPHONEOS_DEPLOYMENT_TARGET = 17.0;
				LD_RUNPATH_SEARCH_PATHS = (
					"$(inherited)",
					"@executable_path/Frameworks",
				);
				MARKETING_VERSION = 1.0;
				PRODUCT_BUNDLE_IDENTIFIER = com.SeatCatcher.SeatCatcher;
				PRODUCT_NAME = "$(TARGET_NAME)";
				PROVISIONING_PROFILE_SPECIFIER = "";
				"PROVISIONING_PROFILE_SPECIFIER[sdk=iphoneos*]" = SeatCatcher_Distribution;
				SUPPORTED_PLATFORMS = "iphoneos iphonesimulator";
				SUPPORTS_MACCATALYST = NO;
				SUPPORTS_MAC_DESIGNED_FOR_IPHONE_IPAD = NO;
				SUPPORTS_XR_DESIGNED_FOR_IPHONE_IPAD = NO;
				SWIFT_EMIT_LOC_STRINGS = YES;
				SWIFT_VERSION = 5.0;
				TARGETED_DEVICE_FAMILY = 1;
			};
			name = Release;
		};
		DF07F1002D79C4E80093E16F /* Debug */ = {
			isa = XCBuildConfiguration;
			buildSettings = {
				BUNDLE_LOADER = "$(TEST_HOST)";
				CODE_SIGN_STYLE = Automatic;
				CURRENT_PROJECT_VERSION = 1;
				DEVELOPMENT_TEAM = 6RUVHQW43D;
				GENERATE_INFOPLIST_FILE = YES;
				IPHONEOS_DEPLOYMENT_TARGET = 17.0;
				MARKETING_VERSION = 1.0;
				PRODUCT_BUNDLE_IDENTIFIER = com.SeatCatcher.SeatCatcherTests;
				PRODUCT_NAME = "$(TARGET_NAME)";
				SUPPORTED_PLATFORMS = "iphoneos iphonesimulator";
				SUPPORTS_MACCATALYST = NO;
				SUPPORTS_MAC_DESIGNED_FOR_IPHONE_IPAD = NO;
				SUPPORTS_XR_DESIGNED_FOR_IPHONE_IPAD = NO;
				SWIFT_EMIT_LOC_STRINGS = NO;
				SWIFT_VERSION = 5.0;
				TARGETED_DEVICE_FAMILY = 1;
				TEST_HOST = "$(BUILT_PRODUCTS_DIR)/SeatCatcher.app/$(BUNDLE_EXECUTABLE_FOLDER_PATH)/SeatCatcher";
			};
			name = Debug;
		};
		DF07F1012D79C4E80093E16F /* Release */ = {
			isa = XCBuildConfiguration;
			buildSettings = {
				BUNDLE_LOADER = "$(TEST_HOST)";
				CODE_SIGN_STYLE = Automatic;
				CURRENT_PROJECT_VERSION = 1;
				DEVELOPMENT_TEAM = 6RUVHQW43D;
				GENERATE_INFOPLIST_FILE = YES;
				IPHONEOS_DEPLOYMENT_TARGET = 17.0;
				MARKETING_VERSION = 1.0;
				PRODUCT_BUNDLE_IDENTIFIER = com.SeatCatcher.SeatCatcherTests;
				PRODUCT_NAME = "$(TARGET_NAME)";
				SUPPORTED_PLATFORMS = "iphoneos iphonesimulator";
				SUPPORTS_MACCATALYST = NO;
				SUPPORTS_MAC_DESIGNED_FOR_IPHONE_IPAD = NO;
				SUPPORTS_XR_DESIGNED_FOR_IPHONE_IPAD = NO;
				SWIFT_EMIT_LOC_STRINGS = NO;
				SWIFT_VERSION = 5.0;
				TARGETED_DEVICE_FAMILY = 1;
				TEST_HOST = "$(BUILT_PRODUCTS_DIR)/SeatCatcher.app/$(BUNDLE_EXECUTABLE_FOLDER_PATH)/SeatCatcher";
			};
			name = Release;
		};
/* End XCBuildConfiguration section */

/* Begin XCConfigurationList section */
		DF07F0D32D79C4E60093E16F /* Build configuration list for PBXProject "SeatCatcher" */ = {
			isa = XCConfigurationList;
			buildConfigurations = (
				DF07F0FA2D79C4E80093E16F /* Debug */,
				DF07F0FB2D79C4E80093E16F /* Release */,
			);
			defaultConfigurationIsVisible = 0;
			defaultConfigurationName = Release;
		};
		DF07F0FC2D79C4E80093E16F /* Build configuration list for PBXNativeTarget "SeatCatcher" */ = {
			isa = XCConfigurationList;
			buildConfigurations = (
				DF07F0FD2D79C4E80093E16F /* Debug */,
				DF07F0FE2D79C4E80093E16F /* Release */,
			);
			defaultConfigurationIsVisible = 0;
			defaultConfigurationName = Release;
		};
		DF07F0FF2D79C4E80093E16F /* Build configuration list for PBXNativeTarget "SeatCatcherTests" */ = {
			isa = XCConfigurationList;
			buildConfigurations = (
				DF07F1002D79C4E80093E16F /* Debug */,
				DF07F1012D79C4E80093E16F /* Release */,
			);
			defaultConfigurationIsVisible = 0;
			defaultConfigurationName = Release;
		};
/* End XCConfigurationList section */

/* Begin XCLocalSwiftPackageReference section */
		DFDD84CA2D8575CD009A00FF /* XCLocalSwiftPackageReference "../SeatCatcherCore" */ = {
			isa = XCLocalSwiftPackageReference;
			relativePath = ../SeatCatcherCore;
		};
		DFF8CF822D85728700CDC6D6 /* XCLocalSwiftPackageReference "../SeatCatcherDomain" */ = {
			isa = XCLocalSwiftPackageReference;
			relativePath = ../SeatCatcherDomain;
		};
/* End XCLocalSwiftPackageReference section */

/* Begin XCRemoteSwiftPackageReference section */
		DF07F1332D81A1BA0093E16F /* XCRemoteSwiftPackageReference "Moya" */ = {
			isa = XCRemoteSwiftPackageReference;
			repositoryURL = "https://github.com/Moya/Moya.git";
			requirement = {
				kind = upToNextMajorVersion;
				minimumVersion = 15.0.3;
			};
		};
/* End XCRemoteSwiftPackageReference section */

/* Begin XCSwiftPackageProductDependency section */
		DF07F1342D81A1BA0093E16F /* Moya */ = {
			isa = XCSwiftPackageProductDependency;
			package = DF07F1332D81A1BA0093E16F /* XCRemoteSwiftPackageReference "Moya" */;
			productName = Moya;
		};
		DF07F1382D81A5790093E16F /* Moya */ = {
			isa = XCSwiftPackageProductDependency;
			package = DF07F1332D81A1BA0093E16F /* XCRemoteSwiftPackageReference "Moya" */;
			productName = Moya;
		};
		DFDD84CB2D8575CD009A00FF /* SeatCatcherCore */ = {
			isa = XCSwiftPackageProductDependency;
			productName = SeatCatcherCore;
		};
		DFF8CF832D85728700CDC6D6 /* SeatCatcherDomain */ = {
			isa = XCSwiftPackageProductDependency;
			productName = SeatCatcherDomain;
		};
/* End XCSwiftPackageProductDependency section */
	};
	rootObject = DF07F0D02D79C4E60093E16F /* Project object */;
}
